
Microsoft Visual Studio Solution File, Format Version 12.00
# Visual Studio Version 17
VisualStudioVersion = 17.1.32210.238
MinimumVisualStudioVersion = 10.0.40219.1
Project("{FAE04EC0-301F-11D3-BF4B-00C04F79EFBC}") = "Conexao_Web", "Conexao\Conexao_Web.csproj", "{54BC6768-C994-405A-9CDB-B2DF385E4813}"
EndProject
Project("{FAE04EC0-301F-11D3-BF4B-00C04F79EFBC}") = "Conexao.Aplications", "ConexaoServices\Conexao.Aplications.csproj", "{FD0B1CDE-411D-4F5A-AB5F-2B76FBC35EF8}"
EndProject
Project("{FAE04EC0-301F-11D3-BF4B-00C04F79EFBC}") = "Conexao.Domimio", "Conexao.Domimio\Conexao.Domimio.csproj", "{C9D4B157-0400-4667-BFC5-F7E4F7FB65F6}"
EndProject
Project("{FAE04EC0-301F-11D3-BF4B-00C04F79EFBC}") = "Conexao.Repository", "Conexao.Repository\Conexao.Repository.csproj", "{0524C8A8-FAF4-4E19-8633-2B5E9B332F65}"
EndProject
Global
	GlobalSection(SolutionConfigurationPlatforms) = preSolution
		Debug|Any CPU = Debug|Any CPU
		Release|Any CPU = Release|Any CPU
	EndGlobalSection
	GlobalSection(ProjectConfigurationPlatforms) = postSolution
		{54BC6768-C994-405A-9CDB-B2DF385E4813}.Debug|Any CPU.ActiveCfg = Debug|Any CPU
		{54BC6768-C994-405A-9CDB-B2DF385E4813}.Debug|Any CPU.Build.0 = Debug|Any CPU
		{54BC6768-C994-405A-9CDB-B2DF385E4813}.Release|Any CPU.ActiveCfg = Release|Any CPU
		{54BC6768-C994-405A-9CDB-B2DF385E4813}.Release|Any CPU.Build.0 = Release|Any CPU
		{FD0B1CDE-411D-4F5A-AB5F-2B76FBC35EF8}.Debug|Any CPU.ActiveCfg = Debug|Any CPU
		{FD0B1CDE-411D-4F5A-AB5F-2B76FBC35EF8}.Debug|Any CPU.Build.0 = Debug|Any CPU
		{FD0B1CDE-411D-4F5A-AB5F-2B76FBC35EF8}.Release|Any CPU.ActiveCfg = Release|Any CPU
		{FD0B1CDE-411D-4F5A-AB5F-2B76FBC35EF8}.Release|Any CPU.Build.0 = Release|Any CPU
		{C9D4B157-0400-4667-BFC5-F7E4F7FB65F6}.Debug|Any CPU.ActiveCfg = Debug|Any CPU
		{C9D4B157-0400-4667-BFC5-F7E4F7FB65F6}.Debug|Any CPU.Build.0 = Debug|Any CPU
		{C9D4B157-0400-4667-BFC5-F7E4F7FB65F6}.Release|Any CPU.ActiveCfg = Release|Any CPU
		{C9D4B157-0400-4667-BFC5-F7E4F7FB65F6}.Release|Any CPU.Build.0 = Release|Any CPU
		{0524C8A8-FAF4-4E19-8633-2B5E9B332F65}.Debug|Any CPU.ActiveCfg = Debug|Any CPU
		{0524C8A8-FAF4-4E19-8633-2B5E9B332F65}.Debug|Any CPU.Build.0 = Debug|Any CPU
		{0524C8A8-FAF4-4E19-8633-2B5E9B332F65}.Release|Any CPU.ActiveCfg = Release|Any CPU
		{0524C8A8-FAF4-4E19-8633-2B5E9B332F65}.Release|Any CPU.Build.0 = Release|Any CPU
	EndGlobalSection
	GlobalSection(SolutionProperties) = preSolution
		HideSolutionNode = FALSE
	EndGlobalSection
	GlobalSection(ExtensibilityGlobals) = postSolution
		SolutionGuid = {726E92C5-CF77-4065-9B28-7E8FCD0B5070}
	EndGlobalSection
EndGlobal
